
Microsoft Visual Studio Solution File, Format Version 12.00
# Visual Studio 2015
Project("{FAE04EC0-301F-11D3-BF4B-00C04F79EFBC}") = "ProjectD.CSharp", "ProjectD.CSharp.csproj", "{7B71BDCA-479E-488A-94F8-F6FEA9F20A62}"
EndProject
Project("{FAE04EC0-301F-11D3-BF4B-00C04F79EFBC}") = "ProjectD.CSharp.Editor", "ProjectD.CSharp.Editor.csproj", "{BD6213C5-F455-54DF-368D-BD0333B5D28E}"
EndProject
Global
	GlobalSection(SolutionConfigurationPlatforms) = preSolution
		Debug|Any CPU = Debug|Any CPU
		Release|Any CPU = Release|Any CPU
	EndGlobalSection
	GlobalSection(ProjectConfigurationPlatforms) = postSolution
		{7B71BDCA-479E-488A-94F8-F6FEA9F20A62}.Debug|Any CPU.ActiveCfg = Debug|Any CPU
		{7B71BDCA-479E-488A-94F8-F6FEA9F20A62}.Debug|Any CPU.Build.0 = Debug|Any CPU
		{7B71BDCA-479E-488A-94F8-F6FEA9F20A62}.Release|Any CPU.ActiveCfg = Release|Any CPU
		{7B71BDCA-479E-488A-94F8-F6FEA9F20A62}.Release|Any CPU.Build.0 = Release|Any CPU
		{BD6213C5-F455-54DF-368D-BD0333B5D28E}.Debug|Any CPU.ActiveCfg = Debug|Any CPU
		{BD6213C5-F455-54DF-368D-BD0333B5D28E}.Debug|Any CPU.Build.0 = Debug|Any CPU
		{BD6213C5-F455-54DF-368D-BD0333B5D28E}.Release|Any CPU.ActiveCfg = Release|Any CPU
		{BD6213C5-F455-54DF-368D-BD0333B5D28E}.Release|Any CPU.Build.0 = Release|Any CPU
	EndGlobalSection
	GlobalSection(SolutionProperties) = preSolution
		HideSolutionNode = FALSE
	EndGlobalSection
EndGlobal
